
Microsoft Visual Studio Solution File, Format Version 12.00
# Visual Studio Version 17
VisualStudioVersion = 17.2.32516.85
MinimumVisualStudioVersion = 10.0.40219.1
Project("{FAE04EC0-301F-11D3-BF4B-00C04F79EFBC}") = "PresentacionWindows", "PresentacionWindows\PresentacionWindows.csproj", "{EEB2DD39-ACFA-4402-8BA5-FA306745DBC9}"
EndProject
Project("{FAE04EC0-301F-11D3-BF4B-00C04F79EFBC}") = "LibreriaEmpleado", "LibreriaEmpleado\LibreriaEmpleado.csproj", "{8A2327D6-2074-449B-B542-1932B39798CC}"
EndProject
Project("{FAE04EC0-301F-11D3-BF4B-00C04F79EFBC}") = "WindowsEmpleado", "WindowsEmpleado\WindowsEmpleado.csproj", "{C66169D4-6C71-4503-BE98-5E4F89D32358}"
EndProject
Global
	GlobalSection(SolutionConfigurationPlatforms) = preSolution
		Debug|Any CPU = Debug|Any CPU
		Release|Any CPU = Release|Any CPU
	EndGlobalSection
	GlobalSection(ProjectConfigurationPlatforms) = postSolution
		{EEB2DD39-ACFA-4402-8BA5-FA306745DBC9}.Debug|Any CPU.ActiveCfg = Debug|Any CPU
		{EEB2DD39-ACFA-4402-8BA5-FA306745DBC9}.Debug|Any CPU.Build.0 = Debug|Any CPU
		{EEB2DD39-ACFA-4402-8BA5-FA306745DBC9}.Release|Any CPU.ActiveCfg = Release|Any CPU
		{EEB2DD39-ACFA-4402-8BA5-FA306745DBC9}.Release|Any CPU.Build.0 = Release|Any CPU
		{8A2327D6-2074-449B-B542-1932B39798CC}.Debug|Any CPU.ActiveCfg = Debug|Any CPU
		{8A2327D6-2074-449B-B542-1932B39798CC}.Debug|Any CPU.Build.0 = Debug|Any CPU
		{8A2327D6-2074-449B-B542-1932B39798CC}.Release|Any CPU.ActiveCfg = Release|Any CPU
		{8A2327D6-2074-449B-B542-1932B39798CC}.Release|Any CPU.Build.0 = Release|Any CPU
		{C66169D4-6C71-4503-BE98-5E4F89D32358}.Debug|Any CPU.ActiveCfg = Debug|Any CPU
		{C66169D4-6C71-4503-BE98-5E4F89D32358}.Debug|Any CPU.Build.0 = Debug|Any CPU
		{C66169D4-6C71-4503-BE98-5E4F89D32358}.Release|Any CPU.ActiveCfg = Release|Any CPU
		{C66169D4-6C71-4503-BE98-5E4F89D32358}.Release|Any CPU.Build.0 = Release|Any CPU
	EndGlobalSection
	GlobalSection(SolutionProperties) = preSolution
		HideSolutionNode = FALSE
	EndGlobalSection
	GlobalSection(ExtensibilityGlobals) = postSolution
		SolutionGuid = {4B9E85BB-5C42-4463-93C2-5FB3C4A752B1}
	EndGlobalSection
EndGlobal
